
Microsoft Visual Studio Solution File, Format Version 12.00
# Visual Studio 15
Project("{FAE04EC0-301F-11D3-BF4B-00C04F79EFBC}") = "SteamVR", "SteamVR.csproj", "{83A158B7-86AD-FC17-42C2-8134F694CABC}"
EndProject
Project("{FAE04EC0-301F-11D3-BF4B-00C04F79EFBC}") = "SteamVR_Actions", "SteamVR_Actions.csproj", "{13B4F0A9-C541-9FE4-A223-E0BF678FC96B}"
EndProject
Project("{FAE04EC0-301F-11D3-BF4B-00C04F79EFBC}") = "Assembly-CSharp", "Assembly-CSharp.csproj", "{DFBC7B0A-7453-FB34-06A4-B659CC02E949}"
EndProject
Project("{FAE04EC0-301F-11D3-BF4B-00C04F79EFBC}") = "SteamVR_Editor", "SteamVR_Editor.csproj", "{F02FD80B-1301-1489-0461-DC46E905D5C2}"
EndProject
Project("{FAE04EC0-301F-11D3-BF4B-00C04F79EFBC}") = "SteamVR_Input_Editor", "SteamVR_Input_Editor.csproj", "{8FB7843C-16B9-E86A-6251-DC85FBF49A3A}"
EndProject
Project("{FAE04EC0-301F-11D3-BF4B-00C04F79EFBC}") = "SteamVR_Windows_EditorHelper", "SteamVR_Windows_EditorHelper.csproj", "{C6DEA39B-89C9-E50D-2F5A-E967E0B416B7}"
EndProject
Global
	GlobalSection(SolutionConfigurationPlatforms) = preSolution
		Debug|Any CPU = Debug|Any CPU
		Release|Any CPU = Release|Any CPU
	EndGlobalSection
	GlobalSection(ProjectConfigurationPlatforms) = postSolution
		{83A158B7-86AD-FC17-42C2-8134F694CABC}.Debug|Any CPU.ActiveCfg = Debug|Any CPU
		{83A158B7-86AD-FC17-42C2-8134F694CABC}.Debug|Any CPU.Build.0 = Debug|Any CPU
		{83A158B7-86AD-FC17-42C2-8134F694CABC}.Release|Any CPU.ActiveCfg = Release|Any CPU
		{83A158B7-86AD-FC17-42C2-8134F694CABC}.Release|Any CPU.Build.0 = Release|Any CPU
		{13B4F0A9-C541-9FE4-A223-E0BF678FC96B}.Debug|Any CPU.ActiveCfg = Debug|Any CPU
		{13B4F0A9-C541-9FE4-A223-E0BF678FC96B}.Debug|Any CPU.Build.0 = Debug|Any CPU
		{13B4F0A9-C541-9FE4-A223-E0BF678FC96B}.Release|Any CPU.ActiveCfg = Release|Any CPU
		{13B4F0A9-C541-9FE4-A223-E0BF678FC96B}.Release|Any CPU.Build.0 = Release|Any CPU
		{DFBC7B0A-7453-FB34-06A4-B659CC02E949}.Debug|Any CPU.ActiveCfg = Debug|Any CPU
		{DFBC7B0A-7453-FB34-06A4-B659CC02E949}.Debug|Any CPU.Build.0 = Debug|Any CPU
		{DFBC7B0A-7453-FB34-06A4-B659CC02E949}.Release|Any CPU.ActiveCfg = Release|Any CPU
		{DFBC7B0A-7453-FB34-06A4-B659CC02E949}.Release|Any CPU.Build.0 = Release|Any CPU
		{F02FD80B-1301-1489-0461-DC46E905D5C2}.Debug|Any CPU.ActiveCfg = Debug|Any CPU
		{F02FD80B-1301-1489-0461-DC46E905D5C2}.Debug|Any CPU.Build.0 = Debug|Any CPU
		{F02FD80B-1301-1489-0461-DC46E905D5C2}.Release|Any CPU.ActiveCfg = Release|Any CPU
		{F02FD80B-1301-1489-0461-DC46E905D5C2}.Release|Any CPU.Build.0 = Release|Any CPU
		{8FB7843C-16B9-E86A-6251-DC85FBF49A3A}.Debug|Any CPU.ActiveCfg = Debug|Any CPU
		{8FB7843C-16B9-E86A-6251-DC85FBF49A3A}.Debug|Any CPU.Build.0 = Debug|Any CPU
		{8FB7843C-16B9-E86A-6251-DC85FBF49A3A}.Release|Any CPU.ActiveCfg = Release|Any CPU
		{8FB7843C-16B9-E86A-6251-DC85FBF49A3A}.Release|Any CPU.Build.0 = Release|Any CPU
		{C6DEA39B-89C9-E50D-2F5A-E967E0B416B7}.Debug|Any CPU.ActiveCfg = Debug|Any CPU
		{C6DEA39B-89C9-E50D-2F5A-E967E0B416B7}.Debug|Any CPU.Build.0 = Debug|Any CPU
		{C6DEA39B-89C9-E50D-2F5A-E967E0B416B7}.Release|Any CPU.ActiveCfg = Release|Any CPU
		{C6DEA39B-89C9-E50D-2F5A-E967E0B416B7}.Release|Any CPU.Build.0 = Release|Any CPU
	EndGlobalSection
	GlobalSection(SolutionProperties) = preSolution
		HideSolutionNode = FALSE
	EndGlobalSection
EndGlobal
